# This file is autogenerated, do not edit; changes may be undone by the next 'dep ensure'.


[[projects]]
  name = "github.com/abbot/go-http-auth"
  packages = ["."]
  revision = "b6a92f468f2b01961e796d20e3ec5bbb8a8297d6"

[[projects]]
  branch = "master"
  name = "github.com/alecthomas/template"
  packages = [
    ".",
    "parse"
  ]
  revision = "a0175ee3bccc567396460bf5acd36800cb10c49c"

[[projects]]
  branch = "master"
  name = "github.com/alecthomas/units"
  packages = ["."]
  revision = "2efee857e7cfd4f3d0138cc3cbb1b4966962b93a"

[[projects]]
  name = "github.com/beorn7/perks"
  packages = ["quantile"]
  revision = "4c0e84591b9aa9e6dcfdf3e020114cd81f89d5f9"

[[projects]]
  name = "github.com/davecgh/go-spew"
  packages = ["spew"]
  revision = "5215b55f46b2b919f50a1df0eaa5886afe4e3b3d"

[[projects]]
  name = "github.com/docker/docker"
  packages = [
    "pkg/ioutils",
    "pkg/longpath"
  ]
  revision = "a79fabbfe84117696a19671f4aa88b82d0f64fc1"
  source = "https://github.com/docker/engine.git"
  version = "v18.09.1"

[[projects]]
  branch = "master"
  name = "github.com/dsnet/compress"
  packages = [
    ".",
    "bzip2",
    "bzip2/internal/sais",
    "internal",
    "internal/errors",
    "internal/prefix"
  ]
  revision = "cc9eb1d7ad760af14e8f918698f745e80377af4f"

[[projects]]
  name = "github.com/golang/protobuf"
  packages = ["proto"]
  revision = "1e59b77b52bf8e4b449a57e6f79f21226d571845"

[[projects]]
  name = "github.com/golang/snappy"
  packages = ["."]
  revision = "553a641470496b2327abcac10b36396bd98e45c9"

[[projects]]
  name = "github.com/hashicorp/errwrap"
  packages = ["."]
  revision = "7554cd9344cec97297fa6649b055a8c98c2a1e55"

[[projects]]
  name = "github.com/julienschmidt/httprouter"
  packages = ["."]
  revision = "e1b9828bc9e5904baec057a154c09ca40fe7fae0"

[[projects]]
  name = "github.com/magefile/mage"
  packages = [
    "build",
    "mage",
    "mg",
    "parse",
    "parse/srcimporter",
    "sh",
    "target",
    "types"
  ]
  revision = "81dbe7074be509fcdc5e496481a8e01276332745"

[[projects]]
  name = "github.com/matttproud/golang_protobuf_extensions"
  packages = ["pbutil"]
  revision = "c12348ce28de40eed0136aa2b644d0ee0650e56c"
  version = "v1.0.1"

[[projects]]
  name = "github.com/mholt/archiver"
  packages = ["."]
  revision = "26cf5bb32d07aa4e8d0de15f56ce516f4641d7df"

[[projects]]
  name = "github.com/nwaples/rardecode"
  packages = ["."]
  revision = "e06696f847aeda6f39a8f0b7cdff193b7690aef6"

[[projects]]
  name = "github.com/pierrec/lz4"
  packages = ["."]
  revision = "ed8d4cc3b461464e69798080a0092bd028910298"

[[projects]]
  name = "github.com/pierrec/xxHash"
  packages = ["xxHash32"]
  revision = "a0006b13c722f7f12368c00a3d3c2ae8a999a0c6"

[[projects]]
  name = "github.com/pmezard/go-difflib"
  packages = ["difflib"]
  revision = "d8ed2627bdf02c080bf22230dbb337003b7aba2d"

[[projects]]
  name = "github.com/prometheus/client_golang"
  packages = ["prometheus"]
  revision = "1cdba8fdde81f444626530cce66e138d2f68ae1c"

[[projects]]
  name = "github.com/prometheus/client_model"
  packages = ["go"]
  revision = "99fa1f4be8e564e8a6b613da7fa6f46c9edafc6c"

[[projects]]
  name = "github.com/prometheus/common"
  packages = [
    "expfmt",
    "internal/bitbucket.org/ww/goautoneg",
    "log",
    "model"
  ]
  revision = "2e54d0b93cba2fd133edc32211dcc32c06ef72ca"

[[projects]]
  name = "github.com/prometheus/procfs"
  packages = [
    ".",
    "xfs"
  ]
  revision = "a6e9df898b1336106c743392c48ee0b71f5c4efa"

[[projects]]
  name = "github.com/sirupsen/logrus"
  packages = ["."]
  revision = "95cd2b9c79aa5e72ab0bc69b7ccc2be15bf850f6"

[[projects]]
  name = "github.com/ulikunitz/xz"
  packages = [
    ".",
    "internal/hash",
    "internal/xlog",
    "lzma"
  ]
  revision = "0c6b41e72360850ca4f98dc341fd999726ea007f"
  version = "v0.5.4"

[[projects]]
  branch = "master"
  name = "github.com/wrouesnel/multihttp"
  packages = ["."]
  revision = "05a42d2dc5b3906244c900cfba17dc61511eb926"

[[projects]]
  name = "golang.org/x/crypto"
  packages = [
    "bcrypt",
    "blowfish",
    "ssh/terminal"
  ]
  revision = "94eea52f7b742c7cbe0b03b22f0c4c8631ece122"

[[projects]]
  name = "golang.org/x/net"
  packages = [
    "context",
    "context/ctxhttp"
  ]
  revision = "a8b9294777976932365dabb6640cf1468d95c70f"

[[projects]]
  name = "golang.org/x/sys"
  packages = [
    "unix",
    "windows",
    "windows/registry",
    "windows/svc/eventlog"
  ]
  revision = "13fcbd661c8ececa8807a29b48407d674b1d8ed8"

[[projects]]
  name = "gopkg.in/alecthomas/kingpin.v2"
  packages = ["."]
  revision = "8cccfa8eb2e3183254457fb1749b2667fbc364c7"
  version = "v2.1.11"

[[projects]]
  name = "gopkg.in/check.v1"
  packages = ["."]
  revision = "11d3bc7aa68e238947792f30573146a3231fc0f1"

[[projects]]
  name = "gopkg.in/yaml.v2"
  packages = ["."]
  revision = "287cf08546ab5e7e37d55a84f7ed3fd1db036de5"

[solve-meta]
  analyzer-name = "dep"
  analyzer-version = 1
  inputs-digest = "20b3620ed626221fdfa1020e6e3af5c81ce7afd6d96aaacd6004a3f504548658"
  solver-name = "gps-cdcl"
  solver-version = 1
